
Microsoft Visual Studio Solution File, Format Version 11.00
# Visual Studio 2010
Project("{FAE04EC0-301F-11D3-BF4B-00C04F79EFBC}") = "AWS_Web_Sample", "AWS_Web_Sample\AWS_Web_Sample.csproj", "{EF3505C7-DFF5-4CBD-861F-FA14E0B5E426}"
EndProject
Global
	GlobalSection(SolutionConfigurationPlatforms) = preSolution
		Debug|Any CPU = Debug|Any CPU
		Release|Any CPU = Release|Any CPU
	EndGlobalSection
	GlobalSection(ProjectConfigurationPlatforms) = postSolution
		{EF3505C7-DFF5-4CBD-861F-FA14E0B5E426}.Debug|Any CPU.ActiveCfg = Debug|Any CPU
		{EF3505C7-DFF5-4CBD-861F-FA14E0B5E426}.Debug|Any CPU.Build.0 = Debug|Any CPU
		{EF3505C7-DFF5-4CBD-861F-FA14E0B5E426}.Release|Any CPU.ActiveCfg = Release|Any CPU
		{EF3505C7-DFF5-4CBD-861F-FA14E0B5E426}.Release|Any CPU.Build.0 = Release|Any CPU
	EndGlobalSection
	GlobalSection(SolutionProperties) = preSolution
		HideSolutionNode = FALSE
	EndGlobalSection
EndGlobal
