
Microsoft Visual Studio Solution File, Format Version 11.00
# Visual Studio 2010
Project("{FAE04EC0-301F-11D3-BF4B-00C04F79EFBC}") = "Web_Application_Unit_Tests", "Web_Application_Unit_Tests\Web_Application_Unit_Tests.csproj", "{34AD8A55-4C10-4E67-A421-E25CCE9A1361}"
EndProject
Project("{2150E333-8FDC-42A3-9474-1A3956D46DE8}") = "Solution Items", "Solution Items", "{9AA90F2F-45EC-4387-8242-07994BF0A66C}"
	ProjectSection(SolutionItems) = preProject
		..\.gitignore = ..\.gitignore
		..\README.md = ..\README.md
	EndProjectSection
EndProject
Project("{FAE04EC0-301F-11D3-BF4B-00C04F79EFBC}") = "AWS_MVC_Web_Application", "AWS_MVC_Web_Application\AWS_MVC_Web_Application.csproj", "{EB796AC6-18DD-49C2-BB07-E83B351DF5D5}"
EndProject
Project("{FAE04EC0-301F-11D3-BF4B-00C04F79EFBC}") = "Noctilucent", "Noctilucent\Noctilucent.csproj", "{554D26C6-D68A-4708-928A-CCF81CF09447}"
EndProject
Global
	GlobalSection(SolutionConfigurationPlatforms) = preSolution
		Debug|Any CPU = Debug|Any CPU
		Release|Any CPU = Release|Any CPU
	EndGlobalSection
	GlobalSection(ProjectConfigurationPlatforms) = postSolution
		{34AD8A55-4C10-4E67-A421-E25CCE9A1361}.Debug|Any CPU.ActiveCfg = Debug|Any CPU
		{34AD8A55-4C10-4E67-A421-E25CCE9A1361}.Debug|Any CPU.Build.0 = Debug|Any CPU
		{34AD8A55-4C10-4E67-A421-E25CCE9A1361}.Release|Any CPU.ActiveCfg = Release|Any CPU
		{34AD8A55-4C10-4E67-A421-E25CCE9A1361}.Release|Any CPU.Build.0 = Release|Any CPU
		{EB796AC6-18DD-49C2-BB07-E83B351DF5D5}.Debug|Any CPU.ActiveCfg = Debug|Any CPU
		{EB796AC6-18DD-49C2-BB07-E83B351DF5D5}.Debug|Any CPU.Build.0 = Debug|Any CPU
		{EB796AC6-18DD-49C2-BB07-E83B351DF5D5}.Release|Any CPU.ActiveCfg = Release|Any CPU
		{EB796AC6-18DD-49C2-BB07-E83B351DF5D5}.Release|Any CPU.Build.0 = Release|Any CPU
		{554D26C6-D68A-4708-928A-CCF81CF09447}.Debug|Any CPU.ActiveCfg = Debug|Any CPU
		{554D26C6-D68A-4708-928A-CCF81CF09447}.Debug|Any CPU.Build.0 = Debug|Any CPU
		{554D26C6-D68A-4708-928A-CCF81CF09447}.Release|Any CPU.ActiveCfg = Release|Any CPU
		{554D26C6-D68A-4708-928A-CCF81CF09447}.Release|Any CPU.Build.0 = Release|Any CPU
	EndGlobalSection
	GlobalSection(SolutionProperties) = preSolution
		HideSolutionNode = FALSE
	EndGlobalSection
EndGlobal
